{
  "R": {
    "Version": "3.6.1",
    "Repositories": [
      {
        "Name": "CRAN",
        "URL": "https://cran.rstudio.com"
      },
      {
        "Name": "Sage",
        "URL": "http://ran.synapse.org"
      }
    ]
  },
  "Packages": {
    "PythonEmbedInR": {
      "Package": "PythonEmbedInR",
      "Version": "0.3.37",
      "Source": "CRAN",
      "RemoteType": "standard",
      "RemoteRef": "PythonEmbedInR",
      "RemoteRepos": "http://ran.synapse.org",
      "RemoteSha": "0.3.37",
      "Hash": "1c9851afda5c6300be59a1d99fc694dc"
    },
    "R6": {
      "Package": "R6",
      "Version": "2.4.0",
      "Source": "Repository",
      "Repository": "CRAN",
      "Hash": "92b50d943a7c76c67918c1e1beb68627"
    },
    "pack": {
      "Package": "pack",
      "Version": "0.1-1",
      "Source": "CRAN",
      "RemoteType": "standard",
      "RemoteRef": "pack",
      "RemoteRepos": "https://cran.rstudio.com",
      "RemoteSha": "0.1-1",
      "RemotePkgType": "binary",
      "Hash": "297fdfd63080b703a77be9fa81a4d4ca"
    },
    "renv": {
      "Package": "renv",
      "Version": "0.8.2",
      "Source": "Repository",
      "Repository": "CRAN",
      "Hash": "0b45cd1dfa978e60de94abd7084079a0"
    },
    "rjson": {
      "Package": "rjson",
      "Version": "0.2.20",
      "Source": "Repository",
      "Repository": "CRAN",
      "Hash": "d3349736ec0f60d05591c316b926382e"
    },
    "synapser": {
      "Package": "synapser",
      "Version": "0.6.61",
      "Source": "CRAN",
      "RemoteType": "standard",
      "RemoteRef": "synapser",
      "RemoteRepos": "http://ran.synapse.org",
      "RemoteSha": "0.6.61",
      "RemotePkgType": "binary",
      "Hash": "637a14039d0e4e4698fe509c0a0b0e78"
    }
  }
}
